{
  "name": "amazon-url-builder",
  "version": "1.0.0",
  "lockfileVersion": 3,
  "requires": true,
  "packages": {
    "": {
      "name": "amazon-url-builder",
      "version": "1.0.0",
      "license": "ISC",
      "dependencies": {
        "amazon-url-builder": "^0.2.0"
      }
    },
    "node_modules/amazon-url-builder": {
      "version": "0.2.0",
      "resolved": "https://registry.npmjs.org/amazon-url-builder/-/amazon-url-builder-0.2.0.tgz",
      "integrity": "sha512-Pohp3Gdml4SFvPFjYRCJNTYE9kIaA37EpFtOoP1ShIp0MvLAQJKCpU+EM0OjpGoRvp39mPMX1/nfn59FjnzjDA==",
      "license": "ISC"
    }
  }
}
